
Microsoft Visual Studio Solution File, Format Version 12.00
# Visual Studio Version 16
VisualStudioVersion = 25.0.1706.1
MinimumVisualStudioVersion = 10.0.40219.1
Project("{FAE04EC0-301F-11D3-BF4B-00C04F79EFBC}") = "CSharp_Exercises", "CSharp_Exercises\CSharp_Exercises.csproj", "{F3E5EF07-01E1-4256-B60E-12F4866B0A28}"
EndProject
Global
	GlobalSection(SolutionConfigurationPlatforms) = preSolution
		Debug|Any CPU = Debug|Any CPU
		Release|Any CPU = Release|Any CPU
	EndGlobalSection
	GlobalSection(ProjectConfigurationPlatforms) = postSolution
		{F3E5EF07-01E1-4256-B60E-12F4866B0A28}.Debug|Any CPU.ActiveCfg = Debug|Any CPU
		{F3E5EF07-01E1-4256-B60E-12F4866B0A28}.Debug|Any CPU.Build.0 = Debug|Any CPU
		{F3E5EF07-01E1-4256-B60E-12F4866B0A28}.Release|Any CPU.ActiveCfg = Release|Any CPU
		{F3E5EF07-01E1-4256-B60E-12F4866B0A28}.Release|Any CPU.Build.0 = Release|Any CPU
	EndGlobalSection
	GlobalSection(SolutionProperties) = preSolution
		HideSolutionNode = FALSE
	EndGlobalSection
	GlobalSection(ExtensibilityGlobals) = postSolution
		SolutionGuid = {69E4DCF9-D791-4E1E-84E4-92680E0ADB44}
	EndGlobalSection
EndGlobal
